
Microsoft Visual Studio Solution File, Format Version 12.00
# Visual Studio Version 16
VisualStudioVersion = 16.0.31129.286
MinimumVisualStudioVersion = 10.0.40219.1
Project("{FAE04EC0-301F-11D3-BF4B-00C04F79EFBC}") = "DeğişkenlerVeriTipleri", "DeğişkenlerVeriTipleri\DeğişkenlerVeriTipleri.csproj", "{5BF00334-3C0F-47B7-8062-90B1B7972EBA}"
EndProject
Global
	GlobalSection(SolutionConfigurationPlatforms) = preSolution
		Debug|Any CPU = Debug|Any CPU
		Release|Any CPU = Release|Any CPU
	EndGlobalSection
	GlobalSection(ProjectConfigurationPlatforms) = postSolution
		{5BF00334-3C0F-47B7-8062-90B1B7972EBA}.Debug|Any CPU.ActiveCfg = Debug|Any CPU
		{5BF00334-3C0F-47B7-8062-90B1B7972EBA}.Debug|Any CPU.Build.0 = Debug|Any CPU
		{5BF00334-3C0F-47B7-8062-90B1B7972EBA}.Release|Any CPU.ActiveCfg = Release|Any CPU
		{5BF00334-3C0F-47B7-8062-90B1B7972EBA}.Release|Any CPU.Build.0 = Release|Any CPU
	EndGlobalSection
	GlobalSection(SolutionProperties) = preSolution
		HideSolutionNode = FALSE
	EndGlobalSection
	GlobalSection(ExtensibilityGlobals) = postSolution
		SolutionGuid = {95F98B77-0491-4ECA-8459-A25DF273AC9D}
	EndGlobalSection
EndGlobal
